
Microsoft Visual Studio Solution File, Format Version 12.00
# Visual Studio Version 16
VisualStudioVersion = 16.0.30717.126
MinimumVisualStudioVersion = 10.0.40219.1
Project("{9A19103F-16F7-4668-BE54-9A1E7A4F7556}") = "AzureDataExplorerApp", "AzureDataExplorerApp.csproj", "{AEFFE55A-1796-4361-B52F-D3DD6ACB1DE1}"
EndProject
Global
	GlobalSection(SolutionConfigurationPlatforms) = preSolution
		Debug|Any CPU = Debug|Any CPU
		Release|Any CPU = Release|Any CPU
	EndGlobalSection
	GlobalSection(ProjectConfigurationPlatforms) = postSolution
		{AEFFE55A-1796-4361-B52F-D3DD6ACB1DE1}.Debug|Any CPU.ActiveCfg = Debug|Any CPU
		{AEFFE55A-1796-4361-B52F-D3DD6ACB1DE1}.Debug|Any CPU.Build.0 = Debug|Any CPU
		{AEFFE55A-1796-4361-B52F-D3DD6ACB1DE1}.Release|Any CPU.ActiveCfg = Release|Any CPU
		{AEFFE55A-1796-4361-B52F-D3DD6ACB1DE1}.Release|Any CPU.Build.0 = Release|Any CPU
	EndGlobalSection
	GlobalSection(SolutionProperties) = preSolution
		HideSolutionNode = FALSE
	EndGlobalSection
	GlobalSection(ExtensibilityGlobals) = postSolution
		SolutionGuid = {2FB382B7-BFE7-485F-8AE5-902DD97B2F08}
	EndGlobalSection
EndGlobal
